
Microsoft Visual Studio Solution File, Format Version 12.00
# Visual Studio 15
VisualStudioVersion = 15.0.27703.2047
MinimumVisualStudioVersion = 10.0.40219.1
Project("{9A19103F-16F7-4668-BE54-9A1E7A4F7556}") = "Notes.DAL", "Notes.DAL\Notes.DAL.csproj", "{B9E58E8E-5D17-4CF4-995D-30117141F372}"
EndProject
Project("{9A19103F-16F7-4668-BE54-9A1E7A4F7556}") = "Notes.BLL", "Notes.BLL\Notes.BLL.csproj", "{EBBFA6DF-BAEB-4751-8FC8-C992024B760E}"
EndProject
Project("{9A19103F-16F7-4668-BE54-9A1E7A4F7556}") = "Notes.BLL.Standalone", "Notes.BLL.Standalone\Notes.BLL.Standalone.csproj", "{0E41049A-F345-42F7-8F7C-C69A275AFB22}"
EndProject
Project("{FAE04EC0-301F-11D3-BF4B-00C04F79EFBC}") = "Notes.Client", "Notes.Client\Notes.Client.csproj", "{B0965F04-86CE-4111-8B19-40EE608242E8}"
EndProject
Project("{FAE04EC0-301F-11D3-BF4B-00C04F79EFBC}") = "Notes.StandaloneClient", "Notes.StandaloneClient\Notes.StandaloneClient.csproj", "{FA792DCC-0CAB-4E0D-AB6D-0CAF3E341FB4}"
EndProject
Global
	GlobalSection(SolutionConfigurationPlatforms) = preSolution
		Debug|Any CPU = Debug|Any CPU
		Release|Any CPU = Release|Any CPU
	EndGlobalSection
	GlobalSection(ProjectConfigurationPlatforms) = postSolution
		{B9E58E8E-5D17-4CF4-995D-30117141F372}.Debug|Any CPU.ActiveCfg = Debug|Any CPU
		{B9E58E8E-5D17-4CF4-995D-30117141F372}.Debug|Any CPU.Build.0 = Debug|Any CPU
		{B9E58E8E-5D17-4CF4-995D-30117141F372}.Release|Any CPU.ActiveCfg = Release|Any CPU
		{B9E58E8E-5D17-4CF4-995D-30117141F372}.Release|Any CPU.Build.0 = Release|Any CPU
		{EBBFA6DF-BAEB-4751-8FC8-C992024B760E}.Debug|Any CPU.ActiveCfg = Debug|Any CPU
		{EBBFA6DF-BAEB-4751-8FC8-C992024B760E}.Debug|Any CPU.Build.0 = Debug|Any CPU
		{EBBFA6DF-BAEB-4751-8FC8-C992024B760E}.Release|Any CPU.ActiveCfg = Release|Any CPU
		{EBBFA6DF-BAEB-4751-8FC8-C992024B760E}.Release|Any CPU.Build.0 = Release|Any CPU
		{0E41049A-F345-42F7-8F7C-C69A275AFB22}.Debug|Any CPU.ActiveCfg = Debug|Any CPU
		{0E41049A-F345-42F7-8F7C-C69A275AFB22}.Debug|Any CPU.Build.0 = Debug|Any CPU
		{0E41049A-F345-42F7-8F7C-C69A275AFB22}.Release|Any CPU.ActiveCfg = Release|Any CPU
		{0E41049A-F345-42F7-8F7C-C69A275AFB22}.Release|Any CPU.Build.0 = Release|Any CPU
		{B0965F04-86CE-4111-8B19-40EE608242E8}.Debug|Any CPU.ActiveCfg = Debug|Any CPU
		{B0965F04-86CE-4111-8B19-40EE608242E8}.Debug|Any CPU.Build.0 = Debug|Any CPU
		{B0965F04-86CE-4111-8B19-40EE608242E8}.Release|Any CPU.ActiveCfg = Release|Any CPU
		{B0965F04-86CE-4111-8B19-40EE608242E8}.Release|Any CPU.Build.0 = Release|Any CPU
		{FA792DCC-0CAB-4E0D-AB6D-0CAF3E341FB4}.Debug|Any CPU.ActiveCfg = Debug|Any CPU
		{FA792DCC-0CAB-4E0D-AB6D-0CAF3E341FB4}.Debug|Any CPU.Build.0 = Debug|Any CPU
		{FA792DCC-0CAB-4E0D-AB6D-0CAF3E341FB4}.Release|Any CPU.ActiveCfg = Release|Any CPU
		{FA792DCC-0CAB-4E0D-AB6D-0CAF3E341FB4}.Release|Any CPU.Build.0 = Release|Any CPU
	EndGlobalSection
	GlobalSection(SolutionProperties) = preSolution
		HideSolutionNode = FALSE
	EndGlobalSection
	GlobalSection(ExtensibilityGlobals) = postSolution
		SolutionGuid = {57310FA5-8CB2-4EB1-806F-98D5349561F8}
	EndGlobalSection
EndGlobal
